{
  "nodes": {
    "nixpkgs": {
      "locked": {
        "lastModified": 1784856561,
        "narHash": "sha256-J+Bx1Z6Oeoj2FgnBhRMKyUhhtDoOpTgXYaVLZpDjW4A=",
        "owner": "NixOS",
        "repo": "nixpkgs",
        "rev": "597283ad8aa0b331c788e97c4c262d58877074ef",
        "type": "github"
      },
      "original": {
        "owner": "NixOS",
        "ref": "nixos-26.05",
        "repo": "nixpkgs",
        "type": "github"
      }
    },
    "root": {
      "inputs": {
        "nixpkgs": "nixpkgs",
        "wolfram-language-for-jupyter": "wolfram-language-for-jupyter"
      }
    },
    "wolfram-language-for-jupyter": {
      "flake": false,
      "locked": {
        "lastModified": 1645264504,
        "narHash": "sha256-aFj7FM8DuiOp47RUB3lzX26fsvy1HWlbcdAbvym10qs=",
        "owner": "WolframResearch",
        "repo": "WolframLanguageForJupyter",
        "rev": "9a26ac78743cc47084c9c99ff75c5aee2657a409",
        "type": "github"
      },
      "original": {
        "owner": "WolframResearch",
        "repo": "WolframLanguageForJupyter",
        "type": "github"
      }
    }
  },
  "root": "root",
  "version": 7
}
